
Microsoft Visual Studio Solution File, Format Version 12.00
# Visual Studio Version 17
VisualStudioVersion = 17.7.34031.279
MinimumVisualStudioVersion = 10.0.40219.1
Project("{FAE04EC0-301F-11D3-BF4B-00C04F79EFBC}") = "PersonsInfo", "PersonsInfo\PersonsInfo.csproj", "{4571063C-2B1C-4D4B-A154-6253244FF664}"
EndProject
Global
	GlobalSection(SolutionConfigurationPlatforms) = preSolution
		Debug|Any CPU = Debug|Any CPU
		Release|Any CPU = Release|Any CPU
	EndGlobalSection
	GlobalSection(ProjectConfigurationPlatforms) = postSolution
		{4571063C-2B1C-4D4B-A154-6253244FF664}.Debug|Any CPU.ActiveCfg = Debug|Any CPU
		{4571063C-2B1C-4D4B-A154-6253244FF664}.Debug|Any CPU.Build.0 = Debug|Any CPU
		{4571063C-2B1C-4D4B-A154-6253244FF664}.Release|Any CPU.ActiveCfg = Release|Any CPU
		{4571063C-2B1C-4D4B-A154-6253244FF664}.Release|Any CPU.Build.0 = Release|Any CPU
	EndGlobalSection
	GlobalSection(SolutionProperties) = preSolution
		HideSolutionNode = FALSE
	EndGlobalSection
	GlobalSection(ExtensibilityGlobals) = postSolution
		SolutionGuid = {48C91DE0-363E-493C-8C57-92E60F7A532E}
	EndGlobalSection
EndGlobal
