
Microsoft Visual Studio Solution File, Format Version 12.00
# Visual Studio Version 17
VisualStudioVersion = 17.7.34031.279
MinimumVisualStudioVersion = 10.0.40219.1
Project("{FAE04EC0-301F-11D3-BF4B-00C04F79EFBC}") = "03.ShoppingSpree", "03.ShoppingSpree\03.ShoppingSpree.csproj", "{47A3180F-D9A3-448C-A322-C3183CCEE4AD}"
EndProject
Project("{FAE04EC0-301F-11D3-BF4B-00C04F79EFBC}") = "04.PizzaCalories", "04.PizzaCalories\04.PizzaCalories.csproj", "{19D9274C-78B4-4CB3-BF17-EBA4805D1076}"
EndProject
Project("{FAE04EC0-301F-11D3-BF4B-00C04F79EFBC}") = "01.ClassBoxData", "01.ClassBoxData\01.ClassBoxData.csproj", "{6641F092-19E9-479D-8A26-A9EAD0767494}"
EndProject
Global
	GlobalSection(SolutionConfigurationPlatforms) = preSolution
		Debug|Any CPU = Debug|Any CPU
		Release|Any CPU = Release|Any CPU
	EndGlobalSection
	GlobalSection(ProjectConfigurationPlatforms) = postSolution
		{47A3180F-D9A3-448C-A322-C3183CCEE4AD}.Debug|Any CPU.ActiveCfg = Debug|Any CPU
		{47A3180F-D9A3-448C-A322-C3183CCEE4AD}.Debug|Any CPU.Build.0 = Debug|Any CPU
		{47A3180F-D9A3-448C-A322-C3183CCEE4AD}.Release|Any CPU.ActiveCfg = Release|Any CPU
		{47A3180F-D9A3-448C-A322-C3183CCEE4AD}.Release|Any CPU.Build.0 = Release|Any CPU
		{19D9274C-78B4-4CB3-BF17-EBA4805D1076}.Debug|Any CPU.ActiveCfg = Debug|Any CPU
		{19D9274C-78B4-4CB3-BF17-EBA4805D1076}.Debug|Any CPU.Build.0 = Debug|Any CPU
		{19D9274C-78B4-4CB3-BF17-EBA4805D1076}.Release|Any CPU.ActiveCfg = Release|Any CPU
		{19D9274C-78B4-4CB3-BF17-EBA4805D1076}.Release|Any CPU.Build.0 = Release|Any CPU
		{6641F092-19E9-479D-8A26-A9EAD0767494}.Debug|Any CPU.ActiveCfg = Debug|Any CPU
		{6641F092-19E9-479D-8A26-A9EAD0767494}.Debug|Any CPU.Build.0 = Debug|Any CPU
		{6641F092-19E9-479D-8A26-A9EAD0767494}.Release|Any CPU.ActiveCfg = Release|Any CPU
		{6641F092-19E9-479D-8A26-A9EAD0767494}.Release|Any CPU.Build.0 = Release|Any CPU
	EndGlobalSection
	GlobalSection(SolutionProperties) = preSolution
		HideSolutionNode = FALSE
	EndGlobalSection
	GlobalSection(ExtensibilityGlobals) = postSolution
		SolutionGuid = {0372303F-A0EA-4A47-BFE9-D62E380F1FB0}
	EndGlobalSection
EndGlobal
